<?xml version="1.0" encoding="utf-8"?>
<Project ToolsVersion="4.0" xmlns="http://schemas.microsoft.com/developer/msbuild/2003">
  <ItemGroup>
    <Filter Include="Source Files">
      <UniqueIdentifier>{4FC737F1-C7A5-4376-A066-2A32D752A2FF}</UniqueIdentifier>
      <Extensions>cpp;c;cc;cxx;def;odl;idl;hpj;bat;asm;asmx</Extensions>
    </Filter>
    <Filter Include="Header Files">
      <UniqueIdentifier>{93995380-89BD-4b04-88EB-625FBE52EBFB}</UniqueIdentifier>
      <Extensions>h;hh;hpp;hxx;hm;inl;inc;xsd</Extensions>
    </Filter>
    <Filter Include="Resource Files">
      <UniqueIdentifier>{67DA6AB6-F800-4c08-8B7A-83BB121AAD01}</UniqueIdentifier>
      <Extensions>rc;ico;cur;bmp;dlg;rc2;rct;bin;rgs;gif;jpg;jpeg;jpe;resx;tiff;tif;png;wav;mfcribbon-ms</Extensions>
    </Filter>
    <Filter Include="DirectXTex">
      <UniqueIdentifier>{5ba1a3a6-07ba-44c7-8933-9aa73520ea11}</UniqueIdentifier>
    </Filter>
    <Filter Include="TinyXML">
      <UniqueIdentifier>{70a39a45-69cf-421f-8912-2e126fe70f52}</UniqueIdentifier>
    </Filter>
    <Filter Include="Quasar">
      <UniqueIdentifier>{62cfc887-a7f0-49e7-becd-3e8c6e295c44}</UniqueIdentifier>
    </Filter>
  </ItemGroup>
  <ItemGroup>
    <ClCompile Include="src\Microsoft_DirectXTex\DirectXTex-master\DDSTextureLoader\DDSTextureLoader.cpp">
      <Filter>DirectXTex</Filter>
    </ClCompile>
    <ClCompile Include="src\tinyxml2-master\tinyxml2.cpp">
      <Filter>TinyXML</Filter>
    </ClCompile>
    <ClCompile Include="src\AssetManager.cpp">
      <Filter>Source Files</Filter>
    </ClCompile>
    <ClCompile Include="src\Camera.cpp">
      <Filter>Source Files</Filter>
    </ClCompile>
    <ClCompile Include="src\GameManager.cpp">
      <Filter>Source Files</Filter>
    </ClCompile>
    <ClCompile Include="src\GameMap.cpp">
      <Filter>Source Files</Filter>
    </ClCompile>
    <ClCompile Include="src\InputManager.cpp">
      <Filter>Source Files</Filter>
    </ClCompile>
    <ClCompile Include="src\OverlayGrid.cpp">
      <Filter>Source Files</Filter>
    </ClCompile>
    <ClCompile Include="src\RenderManager.cpp">
      <Filter>Source Files</Filter>
    </ClCompile>
    <ClCompile Include="src\Sprite.cpp">
      <Filter>Source Files</Filter>
    </ClCompile>
    <ClCompile Include="src\UIButton.cpp">
      <Filter>Source Files</Filter>
    </ClCompile>
    <ClCompile Include="src\UIManager.cpp">
      <Filter>Source Files</Filter>
    </ClCompile>
    <ClCompile Include="src\UICamera.cpp">
      <Filter>Source Files</Filter>
    </ClCompile>
    <ClCompile Include="src\VC_App.cpp">
      <Filter>Source Files</Filter>
    </ClCompile>
    <ClCompile Include="src\BackgroundSprite.cpp">
      <Filter>Source Files</Filter>
    </ClCompile>
  </ItemGroup>
  <ItemGroup>
    <ClInclude Include="src\Microsoft_DirectXTex\DirectXTex-master\DDSTextureLoader\DDSTextureLoader.h">
      <Filter>DirectXTex</Filter>
    </ClInclude>
    <ClInclude Include="src\tinyxml2-master\tinyxml2.h">
      <Filter>TinyXML</Filter>
    </ClInclude>
    <ClInclude Include="src\AssetManager.h">
      <Filter>Header Files</Filter>
    </ClInclude>
    <ClInclude Include="src\Callback.h">
      <Filter>Header Files</Filter>
    </ClInclude>
    <ClInclude Include="src\Camera.h">
      <Filter>Header Files</Filter>
    </ClInclude>
    <ClInclude Include="src\Delegate.h">
      <Filter>Header Files</Filter>
    </ClInclude>
    <ClInclude Include="src\GameManager.h">
      <Filter>Header Files</Filter>
    </ClInclude>
    <ClInclude Include="src\GameMap.h">
      <Filter>Header Files</Filter>
    </ClInclude>
    <ClInclude Include="src\global.h">
      <Filter>Header Files</Filter>
    </ClInclude>
    <ClInclude Include="src\InputManager.h">
      <Filter>Header Files</Filter>
    </ClInclude>
    <ClInclude Include="src\OverlayGrid.h">
      <Filter>Header Files</Filter>
    </ClInclude>
    <ClInclude Include="src\RenderManager.h">
      <Filter>Header Files</Filter>
    </ClInclude>
    <ClInclude Include="src\Sprite.h">
      <Filter>Header Files</Filter>
    </ClInclude>
    <ClInclude Include="src\UIButton.h">
      <Filter>Header Files</Filter>
    </ClInclude>
    <ClInclude Include="src\UIManager.h">
      <Filter>Header Files</Filter>
    </ClInclude>
    <ClInclude Include="src\UICamera.h">
      <Filter>Header Files</Filter>
    </ClInclude>
    <ClInclude Include="src\Quasar\QMaths.h">
      <Filter>Quasar</Filter>
    </ClInclude>
    <ClInclude Include="src\Quasar\QMatrix4.h">
      <Filter>Quasar</Filter>
    </ClInclude>
    <ClInclude Include="src\Quasar\QQuaternion.h">
      <Filter>Quasar</Filter>
    </ClInclude>
    <ClInclude Include="src\Quasar\QVector2.h">
      <Filter>Quasar</Filter>
    </ClInclude>
    <ClInclude Include="src\Quasar\QVector3.h">
      <Filter>Quasar</Filter>
    </ClInclude>
    <ClInclude Include="src\BackgroundSprite.h">
      <Filter>Header Files</Filter>
    </ClInclude>
    <ClInclude Include="src\VC_App.h">
      <Filter>Header Files</Filter>
    </ClInclude>
  </ItemGroup>
</Project>